{
  "nodes": {
    "nixpkgs": {
      "locked": {
        "lastModified": 1646321200,
        "narHash": "sha256-tZuha89aB2tCLeLqZXfGNnvzgDJktYkgbMYdlP0pYFc=",
        "owner": "nixos",
        "repo": "nixpkgs",
        "rev": "507cb692f0e4c7141a4e996491a95690f9101df6",
        "type": "github"
      },
      "original": {
        "owner": "nixos",
        "repo": "nixpkgs",
        "type": "github"
      }
    },
    "root": {
      "inputs": {
        "nixpkgs": "nixpkgs",
        "utils": "utils"
      }
    },
    "utils": {
      "locked": {
        "lastModified": 1644229661,
        "narHash": "sha256-1YdnJAsNy69bpcjuoKdOYQX0YxZBiCYZo4Twxerqv7k=",
        "owner": "numtide",
        "repo": "flake-utils",
        "rev": "3cecb5b042f7f209c56ffd8371b2711a290ec797",
        "type": "github"
      },
      "original": {
        "owner": "numtide",
        "repo": "flake-utils",
        "type": "github"
      }
    }
  },
  "root": "root",
  "version": 7
}
